
Microsoft Visual Studio Solution File, Format Version 12.00
# Visual Studio 15
VisualStudioVersion = 15.0.28307.489
MinimumVisualStudioVersion = 10.0.40219.1
Project("{FAE04EC0-301F-11D3-BF4B-00C04F79EFBC}") = "ConsoleProduto", "ConsoleProduto\ConsoleProduto.csproj", "{C3E27870-A64C-4331-99A6-5DAD9CC71839}"
EndProject
Project("{FAE04EC0-301F-11D3-BF4B-00C04F79EFBC}") = "ConsoleFuncionario", "ConsoleFuncionário\ConsoleFuncionario.csproj", "{EC35B4B3-F944-4416-A03C-08F0C637C52A}"
EndProject
Project("{FAE04EC0-301F-11D3-BF4B-00C04F79EFBC}") = "Exercicios", "Exercicios\Exercicios.csproj", "{31D3F5D4-B9FF-4C30-B274-D24534FE5784}"
EndProject
Global
	GlobalSection(SolutionConfigurationPlatforms) = preSolution
		Debug|Any CPU = Debug|Any CPU
		Debug|ARM = Debug|ARM
		Debug|ARM64 = Debug|ARM64
		Debug|x64 = Debug|x64
		Debug|x86 = Debug|x86
		Release|Any CPU = Release|Any CPU
		Release|ARM = Release|ARM
		Release|ARM64 = Release|ARM64
		Release|x64 = Release|x64
		Release|x86 = Release|x86
	EndGlobalSection
	GlobalSection(ProjectConfigurationPlatforms) = postSolution
		{C3E27870-A64C-4331-99A6-5DAD9CC71839}.Debug|Any CPU.ActiveCfg = Debug|Any CPU
		{C3E27870-A64C-4331-99A6-5DAD9CC71839}.Debug|Any CPU.Build.0 = Debug|Any CPU
		{C3E27870-A64C-4331-99A6-5DAD9CC71839}.Debug|ARM.ActiveCfg = Debug|Any CPU
		{C3E27870-A64C-4331-99A6-5DAD9CC71839}.Debug|ARM.Build.0 = Debug|Any CPU
		{C3E27870-A64C-4331-99A6-5DAD9CC71839}.Debug|ARM64.ActiveCfg = Debug|Any CPU
		{C3E27870-A64C-4331-99A6-5DAD9CC71839}.Debug|ARM64.Build.0 = Debug|Any CPU
		{C3E27870-A64C-4331-99A6-5DAD9CC71839}.Debug|x64.ActiveCfg = Debug|Any CPU
		{C3E27870-A64C-4331-99A6-5DAD9CC71839}.Debug|x64.Build.0 = Debug|Any CPU
		{C3E27870-A64C-4331-99A6-5DAD9CC71839}.Debug|x86.ActiveCfg = Debug|Any CPU
		{C3E27870-A64C-4331-99A6-5DAD9CC71839}.Debug|x86.Build.0 = Debug|Any CPU
		{C3E27870-A64C-4331-99A6-5DAD9CC71839}.Release|Any CPU.ActiveCfg = Release|Any CPU
		{C3E27870-A64C-4331-99A6-5DAD9CC71839}.Release|Any CPU.Build.0 = Release|Any CPU
		{C3E27870-A64C-4331-99A6-5DAD9CC71839}.Release|ARM.ActiveCfg = Release|Any CPU
		{C3E27870-A64C-4331-99A6-5DAD9CC71839}.Release|ARM.Build.0 = Release|Any CPU
		{C3E27870-A64C-4331-99A6-5DAD9CC71839}.Release|ARM64.ActiveCfg = Release|Any CPU
		{C3E27870-A64C-4331-99A6-5DAD9CC71839}.Release|ARM64.Build.0 = Release|Any CPU
		{C3E27870-A64C-4331-99A6-5DAD9CC71839}.Release|x64.ActiveCfg = Release|Any CPU
		{C3E27870-A64C-4331-99A6-5DAD9CC71839}.Release|x64.Build.0 = Release|Any CPU
		{C3E27870-A64C-4331-99A6-5DAD9CC71839}.Release|x86.ActiveCfg = Release|Any CPU
		{C3E27870-A64C-4331-99A6-5DAD9CC71839}.Release|x86.Build.0 = Release|Any CPU
		{EC35B4B3-F944-4416-A03C-08F0C637C52A}.Debug|Any CPU.ActiveCfg = Debug|Any CPU
		{EC35B4B3-F944-4416-A03C-08F0C637C52A}.Debug|Any CPU.Build.0 = Debug|Any CPU
		{EC35B4B3-F944-4416-A03C-08F0C637C52A}.Debug|ARM.ActiveCfg = Debug|Any CPU
		{EC35B4B3-F944-4416-A03C-08F0C637C52A}.Debug|ARM.Build.0 = Debug|Any CPU
		{EC35B4B3-F944-4416-A03C-08F0C637C52A}.Debug|ARM64.ActiveCfg = Debug|Any CPU
		{EC35B4B3-F944-4416-A03C-08F0C637C52A}.Debug|ARM64.Build.0 = Debug|Any CPU
		{EC35B4B3-F944-4416-A03C-08F0C637C52A}.Debug|x64.ActiveCfg = Debug|Any CPU
		{EC35B4B3-F944-4416-A03C-08F0C637C52A}.Debug|x64.Build.0 = Debug|Any CPU
		{EC35B4B3-F944-4416-A03C-08F0C637C52A}.Debug|x86.ActiveCfg = Debug|Any CPU
		{EC35B4B3-F944-4416-A03C-08F0C637C52A}.Debug|x86.Build.0 = Debug|Any CPU
		{EC35B4B3-F944-4416-A03C-08F0C637C52A}.Release|Any CPU.ActiveCfg = Release|Any CPU
		{EC35B4B3-F944-4416-A03C-08F0C637C52A}.Release|Any CPU.Build.0 = Release|Any CPU
		{EC35B4B3-F944-4416-A03C-08F0C637C52A}.Release|ARM.ActiveCfg = Release|Any CPU
		{EC35B4B3-F944-4416-A03C-08F0C637C52A}.Release|ARM.Build.0 = Release|Any CPU
		{EC35B4B3-F944-4416-A03C-08F0C637C52A}.Release|ARM64.ActiveCfg = Release|Any CPU
		{EC35B4B3-F944-4416-A03C-08F0C637C52A}.Release|ARM64.Build.0 = Release|Any CPU
		{EC35B4B3-F944-4416-A03C-08F0C637C52A}.Release|x64.ActiveCfg = Release|Any CPU
		{EC35B4B3-F944-4416-A03C-08F0C637C52A}.Release|x64.Build.0 = Release|Any CPU
		{EC35B4B3-F944-4416-A03C-08F0C637C52A}.Release|x86.ActiveCfg = Release|Any CPU
		{EC35B4B3-F944-4416-A03C-08F0C637C52A}.Release|x86.Build.0 = Release|Any CPU
		{31D3F5D4-B9FF-4C30-B274-D24534FE5784}.Debug|Any CPU.ActiveCfg = Debug|Any CPU
		{31D3F5D4-B9FF-4C30-B274-D24534FE5784}.Debug|Any CPU.Build.0 = Debug|Any CPU
		{31D3F5D4-B9FF-4C30-B274-D24534FE5784}.Debug|ARM.ActiveCfg = Debug|ARM
		{31D3F5D4-B9FF-4C30-B274-D24534FE5784}.Debug|ARM.Build.0 = Debug|ARM
		{31D3F5D4-B9FF-4C30-B274-D24534FE5784}.Debug|ARM64.ActiveCfg = Debug|ARM64
		{31D3F5D4-B9FF-4C30-B274-D24534FE5784}.Debug|ARM64.Build.0 = Debug|ARM64
		{31D3F5D4-B9FF-4C30-B274-D24534FE5784}.Debug|x64.ActiveCfg = Debug|x64
		{31D3F5D4-B9FF-4C30-B274-D24534FE5784}.Debug|x64.Build.0 = Debug|x64
		{31D3F5D4-B9FF-4C30-B274-D24534FE5784}.Debug|x86.ActiveCfg = Debug|x86
		{31D3F5D4-B9FF-4C30-B274-D24534FE5784}.Debug|x86.Build.0 = Debug|x86
		{31D3F5D4-B9FF-4C30-B274-D24534FE5784}.Release|Any CPU.ActiveCfg = Release|Any CPU
		{31D3F5D4-B9FF-4C30-B274-D24534FE5784}.Release|Any CPU.Build.0 = Release|Any CPU
		{31D3F5D4-B9FF-4C30-B274-D24534FE5784}.Release|ARM.ActiveCfg = Release|ARM
		{31D3F5D4-B9FF-4C30-B274-D24534FE5784}.Release|ARM.Build.0 = Release|ARM
		{31D3F5D4-B9FF-4C30-B274-D24534FE5784}.Release|ARM64.ActiveCfg = Release|ARM64
		{31D3F5D4-B9FF-4C30-B274-D24534FE5784}.Release|ARM64.Build.0 = Release|ARM64
		{31D3F5D4-B9FF-4C30-B274-D24534FE5784}.Release|x64.ActiveCfg = Release|x64
		{31D3F5D4-B9FF-4C30-B274-D24534FE5784}.Release|x64.Build.0 = Release|x64
		{31D3F5D4-B9FF-4C30-B274-D24534FE5784}.Release|x86.ActiveCfg = Release|x86
		{31D3F5D4-B9FF-4C30-B274-D24534FE5784}.Release|x86.Build.0 = Release|x86
	EndGlobalSection
	GlobalSection(SolutionProperties) = preSolution
		HideSolutionNode = FALSE
	EndGlobalSection
	GlobalSection(ExtensibilityGlobals) = postSolution
		SolutionGuid = {7110B6BD-C9AE-426B-93FF-577E0180537A}
	EndGlobalSection
EndGlobal
